PODS:
  - FlutterMacOS (1.0.0)
  - leveldb-library (1.22)

DEPENDENCIES:
  - FlutterMacOS (from `Flutter/ephemeral`)
  - leveldb-library (= 1.22)

SPEC REPOS:
  trunk:
    - leveldb-library

EXTERNAL SOURCES:
  FlutterMacOS:
    :path: Flutter/ephemeral

SPEC CHECKSUMS:
  FlutterMacOS: d0db08ddef1a9af05a5ec4b724367152bb0500b1
  leveldb-library: 55d93ee664b4007aac644a782d11da33fba316f7

PODFILE CHECKSUM: efe3deac792c97c63ddbb256246e8506660eb77c

COCOAPODS: 1.16.2
